
Microsoft Visual Studio Solution File, Format Version 12.00
# Visual Studio Version 17
VisualStudioVersion = 17.5.002.0
MinimumVisualStudioVersion = 10.0.40219.1
Project("{9A19103F-16F7-4668-BE54-9A1E7A4F7556}") = "TiendaApi", "TiendaApi.csproj", "{15D5D01E-2D1E-47AB-9424-AD1B691A2572}"
EndProject
Global
	GlobalSection(SolutionConfigurationPlatforms) = preSolution
		Debug|Any CPU = Debug|Any CPU
		Release|Any CPU = Release|Any CPU
	EndGlobalSection
	GlobalSection(ProjectConfigurationPlatforms) = postSolution
		{15D5D01E-2D1E-47AB-9424-AD1B691A2572}.Debug|Any CPU.ActiveCfg = Debug|Any CPU
		{15D5D01E-2D1E-47AB-9424-AD1B691A2572}.Debug|Any CPU.Build.0 = Debug|Any CPU
		{15D5D01E-2D1E-47AB-9424-AD1B691A2572}.Release|Any CPU.ActiveCfg = Release|Any CPU
		{15D5D01E-2D1E-47AB-9424-AD1B691A2572}.Release|Any CPU.Build.0 = Release|Any CPU
	EndGlobalSection
	GlobalSection(SolutionProperties) = preSolution
		HideSolutionNode = FALSE
	EndGlobalSection
	GlobalSection(ExtensibilityGlobals) = postSolution
		SolutionGuid = {C5D722D7-15D3-4A3C-9F1E-4041CF0C2C62}
	EndGlobalSection
EndGlobal
